<?xml version="1.0" encoding="utf-8"?>
<Project ToolsVersion="4.0" xmlns="http://schemas.microsoft.com/developer/msbuild/2003">
  <ItemGroup>
    <Filter Include="Source Files">
      <UniqueIdentifier>{4FC737F1-C7A5-4376-A066-2A32D752A2FF}</UniqueIdentifier>
      <Extensions>cpp;c;cc;cxx;def;odl;idl;hpj;bat;asm;asmx</Extensions>
    </Filter>
    <Filter Include="Header Files">
      <UniqueIdentifier>{93995380-89BD-4b04-88EB-625FBE52EBFB}</UniqueIdentifier>
      <Extensions>h;hh;hpp;hxx;hm;inl;inc;xsd</Extensions>
    </Filter>
    <Filter Include="Resource Files">
      <UniqueIdentifier>{67DA6AB6-F800-4c08-8B7A-83BB121AAD01}</UniqueIdentifier>
      <Extensions>rc;ico;cur;bmp;dlg;rc2;rct;bin;rgs;gif;jpg;jpeg;jpe;resx;tiff;tif;png;wav;mfcribbon-ms</Extensions>
    </Filter>
  </ItemGroup>
  <ItemGroup>
    <ClInclude Include="include\win32\bridge\AccessBridgeCallbacks.h">
      <Filter>Header Files</Filter>
    </ClInclude>
    <ClInclude Include="include\win32\bridge\AccessBridgeCalls.h">
      <Filter>Header Files</Filter>
    </ClInclude>
    <ClInclude Include="include\win32\bridge\AccessBridgePackages.h">
      <Filter>Header Files</Filter>
    </ClInclude>
    <ClInclude Include="include\win32\jawt_md.h">
      <Filter>Header Files</Filter>
    </ClInclude>
    <ClInclude Include="include\win32\jni_md.h">
      <Filter>Header Files</Filter>
    </ClInclude>
    <ClInclude Include="include\classfile_constants.h">
      <Filter>Header Files</Filter>
    </ClInclude>
    <ClInclude Include="include\jawt.h">
      <Filter>Header Files</Filter>
    </ClInclude>
    <ClInclude Include="include\jdwpTransport.h">
      <Filter>Header Files</Filter>
    </ClInclude>
    <ClInclude Include="include\jni.h">
      <Filter>Header Files</Filter>
    </ClInclude>
    <ClInclude Include="include\jvmti.h">
      <Filter>Header Files</Filter>
    </ClInclude>
    <ClInclude Include="include\jvmticmlr.h">
      <Filter>Header Files</Filter>
    </ClInclude>
    <ClInclude Include="include\win32\bridge\AccessBridgeDebug.h">
      <Filter>Header Files</Filter>
    </ClInclude>
    <ClInclude Include="src\net\teamfps\cplus\serialization\Container.h">
      <Filter>Header Files</Filter>
    </ClInclude>
    <ClInclude Include="src\net\teamfps\cplus\serialization\Types.h">
      <Filter>Header Files</Filter>
    </ClInclude>
    <ClInclude Include="src\net\teamfps\cplus\serialization\Writer.h">
      <Filter>Header Files</Filter>
    </ClInclude>
    <ClInclude Include="src\net\teamfps\cplus\serialization\field\ShortField.h">
      <Filter>Header Files</Filter>
    </ClInclude>
    <ClInclude Include="src\net\teamfps\cplus\serialization\field\Field.h">
      <Filter>Header Files</Filter>
    </ClInclude>
    <ClInclude Include="src\Serialization.h">
      <Filter>Header Files</Filter>
    </ClInclude>
    <ClInclude Include="src\net\teamfps\cplus\serialization\ContainerType.h">
      <Filter>Header Files</Filter>
    </ClInclude>
    <ClInclude Include="src\net\teamfps\cplus\serialization\Type.h">
      <Filter>Header Files</Filter>
    </ClInclude>
    <ClInclude Include="src\net\teamfps\cplus\serialization\field\IntField.h">
      <Filter>Header Files</Filter>
    </ClInclude>
    <ClInclude Include="src\net\teamfps\cplus\serialization\field\Fields.h">
      <Filter>Header Files</Filter>
    </ClInclude>
  </ItemGroup>
  <ItemGroup>
    <ClCompile Include="include\win32\bridge\AccessBridgeCalls.c">
      <Filter>Source Files</Filter>
    </ClCompile>
    <ClCompile Include="include\win32\bridge\AccessBridgeDebug.cpp">
      <Filter>Source Files</Filter>
    </ClCompile>
    <ClCompile Include="src\net\teamfps\cplus\serialization\Container.cpp">
      <Filter>Source Files</Filter>
    </ClCompile>
    <ClCompile Include="src\net\teamfps\cplus\serialization\Writer.cpp">
      <Filter>Source Files</Filter>
    </ClCompile>
    <ClCompile Include="src\net\teamfps\cplus\serialization\field\ShortField.cpp">
      <Filter>Source Files</Filter>
    </ClCompile>
    <ClCompile Include="src\net\teamfps\cplus\serialization\field\Field.cpp">
      <Filter>Source Files</Filter>
    </ClCompile>
    <ClCompile Include="src\Serialization.cpp">
      <Filter>Source Files</Filter>
    </ClCompile>
    <ClCompile Include="src\net\teamfps\cplus\serialization\ContainerType.cpp">
      <Filter>Source Files</Filter>
    </ClCompile>
    <ClCompile Include="src\net\teamfps\cplus\serialization\Type.cpp">
      <Filter>Source Files</Filter>
    </ClCompile>
    <ClCompile Include="src\net\teamfps\cplus\serialization\field\IntField.cpp">
      <Filter>Source Files</Filter>
    </ClCompile>
  </ItemGroup>
</Project>